
Microsoft Visual Studio Solution File, Format Version 12.00
# Visual Studio Version 17
VisualStudioVersion = 17.4.33205.214
MinimumVisualStudioVersion = 10.0.40219.1
Project("{FAE04EC0-301F-11D3-BF4B-00C04F79EFBC}") = "Projet I", "Projet I.csproj", "{B9FD1761-12FB-4FC2-9D54-65C1964A8FCE}"
EndProject
Global
	GlobalSection(SolutionConfigurationPlatforms) = preSolution
		Debug|Any CPU = Debug|Any CPU
		Release|Any CPU = Release|Any CPU
	EndGlobalSection
	GlobalSection(ProjectConfigurationPlatforms) = postSolution
		{B9FD1761-12FB-4FC2-9D54-65C1964A8FCE}.Debug|Any CPU.ActiveCfg = Debug|Any CPU
		{B9FD1761-12FB-4FC2-9D54-65C1964A8FCE}.Debug|Any CPU.Build.0 = Debug|Any CPU
		{B9FD1761-12FB-4FC2-9D54-65C1964A8FCE}.Release|Any CPU.ActiveCfg = Release|Any CPU
		{B9FD1761-12FB-4FC2-9D54-65C1964A8FCE}.Release|Any CPU.Build.0 = Release|Any CPU
	EndGlobalSection
	GlobalSection(SolutionProperties) = preSolution
		HideSolutionNode = FALSE
	EndGlobalSection
	GlobalSection(ExtensibilityGlobals) = postSolution
		SolutionGuid = {7DC48237-5D0C-4821-906D-C081EAE5F913}
	EndGlobalSection
EndGlobal
